{
  "version": 3,
  "targets": {
    "net8.0/win-x64": {
      "silkyfowl.avalonia.funcui.liveview.analyzer/0.0.3": {
        "type": "package",
        "tools": {
          "tools/net6.0/any/Argu.dll": {},
          "tools/net6.0/any/Avalonia.Base.dll": {},
          "tools/net6.0/any/Avalonia.Controls.DataGrid.dll": {},
          "tools/net6.0/any/Avalonia.Controls.dll": {},
          "tools/net6.0/any/Avalonia.DesignerSupport.dll": {},
          "tools/net6.0/any/Avalonia.Desktop.dll": {},
          "tools/net6.0/any/Avalonia.Dialogs.dll": {},
          "tools/net6.0/any/Avalonia.FreeDesktop.dll": {},
          "tools/net6.0/any/Avalonia.FuncUI.LiveView.Analyzer.deps.json": {},
          "tools/net6.0/any/Avalonia.FuncUI.LiveView.Analyzer.dll": {},
          "tools/net6.0/any/Avalonia.FuncUI.LiveView.Analyzer.pdb": {},
          "tools/net6.0/any/Avalonia.FuncUI.LiveView.Analyzer.runtimeconfig.json": {},
          "tools/net6.0/any/Avalonia.FuncUI.LiveView.Analyzer.xml": {},
          "tools/net6.0/any/Avalonia.FuncUI.LiveView.Core.dll": {},
          "tools/net6.0/any/Avalonia.FuncUI.LiveView.Core.pdb": {},
          "tools/net6.0/any/Avalonia.FuncUI.LiveView.Core.xml": {},
          "tools/net6.0/any/Avalonia.FuncUI.LiveView.MessagePack.dll": {},
          "tools/net6.0/any/Avalonia.FuncUI.LiveView.MessagePack.pdb": {},
          "tools/net6.0/any/Avalonia.FuncUI.LiveView.MessagePack.xml": {},
          "tools/net6.0/any/Avalonia.FuncUI.dll": {},
          "tools/net6.0/any/Avalonia.Markup.Xaml.dll": {},
          "tools/net6.0/any/Avalonia.Markup.dll": {},
          "tools/net6.0/any/Avalonia.Metal.dll": {},
          "tools/net6.0/any/Avalonia.MicroCom.dll": {},
          "tools/net6.0/any/Avalonia.Native.dll": {},
          "tools/net6.0/any/Avalonia.OpenGL.dll": {},
          "tools/net6.0/any/Avalonia.Remote.Protocol.dll": {},
          "tools/net6.0/any/Avalonia.Skia.dll": {},
          "tools/net6.0/any/Avalonia.Win32.dll": {},
          "tools/net6.0/any/Avalonia.X11.dll": {},
          "tools/net6.0/any/Avalonia.dll": {},
          "tools/net6.0/any/DotnetToolSettings.xml": {},
          "tools/net6.0/any/FSharp.Core.dll": {},
          "tools/net6.0/any/HarfBuzzSharp.dll": {},
          "tools/net6.0/any/MessagePack.Annotations.dll": {},
          "tools/net6.0/any/MessagePack.FSharpExtensions.dll": {},
          "tools/net6.0/any/MessagePack.dll": {},
          "tools/net6.0/any/MicroCom.Runtime.dll": {},
          "tools/net6.0/any/Microsoft.NET.StringTools.dll": {},
          "tools/net6.0/any/Microsoft.Win32.SystemEvents.dll": {},
          "tools/net6.0/any/SkiaSharp.dll": {},
          "tools/net6.0/any/System.Configuration.ConfigurationManager.dll": {},
          "tools/net6.0/any/System.Drawing.Common.dll": {},
          "tools/net6.0/any/System.IO.Pipelines.dll": {},
          "tools/net6.0/any/System.Security.Cryptography.ProtectedData.dll": {},
          "tools/net6.0/any/Tmds.DBus.Protocol.dll": {},
          "tools/net6.0/any/cs/FSharp.Core.resources.dll": {},
          "tools/net6.0/any/de/FSharp.Core.resources.dll": {},
          "tools/net6.0/any/es/FSharp.Core.resources.dll": {},
          "tools/net6.0/any/fr/FSharp.Core.resources.dll": {},
          "tools/net6.0/any/it/FSharp.Core.resources.dll": {},
          "tools/net6.0/any/ja/FSharp.Core.resources.dll": {},
          "tools/net6.0/any/ko/FSharp.Core.resources.dll": {},
          "tools/net6.0/any/pl/FSharp.Core.resources.dll": {},
          "tools/net6.0/any/pt-BR/FSharp.Core.resources.dll": {},
          "tools/net6.0/any/ru/FSharp.Core.resources.dll": {},
          "tools/net6.0/any/runtimes/linux-arm/native/libHarfBuzzSharp.so": {},
          "tools/net6.0/any/runtimes/linux-arm/native/libSkiaSharp.so": {},
          "tools/net6.0/any/runtimes/linux-arm64/native/libHarfBuzzSharp.so": {},
          "tools/net6.0/any/runtimes/linux-arm64/native/libSkiaSharp.so": {},
          "tools/net6.0/any/runtimes/linux-musl-x64/native/libHarfBuzzSharp.so": {},
          "tools/net6.0/any/runtimes/linux-musl-x64/native/libSkiaSharp.so": {},
          "tools/net6.0/any/runtimes/linux-x64/native/libHarfBuzzSharp.so": {},
          "tools/net6.0/any/runtimes/linux-x64/native/libSkiaSharp.so": {},
          "tools/net6.0/any/runtimes/osx/native/libAvaloniaNative.dylib": {},
          "tools/net6.0/any/runtimes/osx/native/libHarfBuzzSharp.dylib": {},
          "tools/net6.0/any/runtimes/osx/native/libSkiaSharp.dylib": {},
          "tools/net6.0/any/runtimes/unix/lib/net6.0/System.Drawing.Common.dll": {},
          "tools/net6.0/any/runtimes/win-arm64/native/av_libglesv2.dll": {},
          "tools/net6.0/any/runtimes/win-arm64/native/libHarfBuzzSharp.dll": {},
          "tools/net6.0/any/runtimes/win-arm64/native/libSkiaSharp.dll": {},
          "tools/net6.0/any/runtimes/win-x64/native/av_libglesv2.dll": {},
          "tools/net6.0/any/runtimes/win-x64/native/libHarfBuzzSharp.dll": {},
          "tools/net6.0/any/runtimes/win-x64/native/libSkiaSharp.dll": {},
          "tools/net6.0/any/runtimes/win-x86/native/av_libglesv2.dll": {},
          "tools/net6.0/any/runtimes/win-x86/native/libHarfBuzzSharp.dll": {},
          "tools/net6.0/any/runtimes/win-x86/native/libSkiaSharp.dll": {},
          "tools/net6.0/any/runtimes/win/lib/net6.0/Microsoft.Win32.SystemEvents.dll": {},
          "tools/net6.0/any/runtimes/win/lib/net6.0/System.Drawing.Common.dll": {},
          "tools/net6.0/any/runtimes/win/lib/netstandard2.0/System.Security.Cryptography.ProtectedData.dll": {},
          "tools/net6.0/any/tr/FSharp.Core.resources.dll": {},
          "tools/net6.0/any/zh-Hans/FSharp.Core.resources.dll": {},
          "tools/net6.0/any/zh-Hant/FSharp.Core.resources.dll": {}
        }
      }
    }
  },
  "libraries": {},
  "projectFileDependencyGroups": {}
}